PODS:
  - AFNetworking (1.2.0)
  - AttributedMarkdown (0.9.1)
  - Facebook-iOS-SDK (3.8.0)
  - GoogleAnalytics-iOS-SDK (3.0.1)
  - LAWalkthrough (1.0.0)
  - MBProgressHUD (0.8)
  - SBJson (3.2)
  - SSKeychain (1.2.1)
  - TestFlightSDK (2.0)
  - UrbanAirship-iOS-SDK (2.0.0)

DEPENDENCIES:
  - AFNetworking (= 1.2)
  - AttributedMarkdown (from `https://github.com/dreamwieber/AttributedMarkdown.git`)
  - Facebook-iOS-SDK
  - GoogleAnalytics-iOS-SDK
  - LAWalkthrough
  - MBProgressHUD
  - SBJson
  - SSKeychain
  - TestFlightSDK
  - UrbanAirship-iOS-SDK

EXTERNAL SOURCES:
  AttributedMarkdown:
    :git: https://github.com/dreamwieber/AttributedMarkdown.git

SPEC CHECKSUMS:
  AFNetworking: 3cbae45f61a9f995cdbd56bd571223910d7f4e44
  AttributedMarkdown: c945530099b9e121129ca3a32a400b111c8e5825
  Facebook-iOS-SDK: 55a22fe8bcaacd638cde9014af6b3ee85f4d71fb
  GoogleAnalytics-iOS-SDK: ea0118af32b97a92ac98b25ecc2aa2a286c835c7
  LAWalkthrough: 01dae086c1dd166b5afe9816763414e3512b3fea
  MBProgressHUD: 2bbc6f470111daf7f3eaa4eb12b8cbf01c4c0622
  SBJson: e60b4dc22448c2ae1e754b523a4ab53408e85c8d
  SSKeychain: d18926838c2e7cd342e2a49e9f869858e49f035a
  TestFlightSDK: 940906d4b2550cf397c6f2d2fcc4ebfdcd8ae858
  UrbanAirship-iOS-SDK: 2c57f0162d51520cf3181d15825fbd04f6283b25

COCOAPODS: 0.25.0
