PODS:
  - AFNetworking (1.3.1)
  - AttributedMarkdown (0.9.0)
  - Facebook-iOS-SDK (3.5.3)
  - GoogleAnalytics-iOS-SDK (2.0beta4)
  - JSONKit (1.5pre)
  - MBProgressHUD (0.7)
  - SSKeychain (1.2.0)
  - SVPullToRefresh (0.4.1)
  - TestFlightSDK (2.0)

DEPENDENCIES:
  - AFNetworking
  - AttributedMarkdown (from `https://github.com/dreamwieber/AttributedMarkdown.git`)
  - Facebook-iOS-SDK
  - GoogleAnalytics-iOS-SDK
  - JSONKit
  - MBProgressHUD
  - SSKeychain
  - SVPullToRefresh
  - TestFlightSDK

EXTERNAL SOURCES:
  AttributedMarkdown:
    :git: https://github.com/dreamwieber/AttributedMarkdown.git

SPEC CHECKSUMS:
  AFNetworking: 9ec8aafb9269236a7630bd8d9838ce2ba30fa2a0
  AttributedMarkdown: dec3931152ba5afc06f083214745bce896c11bd9
  Facebook-iOS-SDK: c11e851555d8cb8b55853ec2990b01d9e343d09e
  GoogleAnalytics-iOS-SDK: acf0f1ac4dcac408d17e7766454918b7e9e2b03a
  JSONKit: 409734ab3407fce90ef7eaa95d7168f38d9a6601
  MBProgressHUD: 1fd8591a2216d5dec6de24e09187bb03bcbe9946
  SSKeychain: 2fe90c92034129d9615a508529b601a520f297d1
  SVPullToRefresh: 61a0e4bd12bd6f8e3465909810b0fbeb1a28d5f2
  TestFlightSDK: 940906d4b2550cf397c6f2d2fcc4ebfdcd8ae858

COCOAPODS: 0.23.0
