// !$*UTF8*$!
{
	archiveVersion = 1;
	classes = {
	};
	objectVersion = 46;
	objects = {

/* Begin PBXBuildFile section */
		40FE9C691B2B410E9541EC21 /* libPods.a in Frameworks */ = {isa = PBXBuildFile; fileRef = 3BE9E0A1B4814CD7AD31BA9A /* libPods.a */; };
		A80F7C371794E07500C08D9C /* Main_iPhone.storyboard in Resources */ = {isa = PBXBuildFile; fileRef = A80F7C361794E07500C08D9C /* Main_iPhone.storyboard */; };
		A80F7C3D17961CA900C08D9C /* TPLoginViewController.m in Sources */ = {isa = PBXBuildFile; fileRef = A80F7C3C17961CA900C08D9C /* TPLoginViewController.m */; };
		A82F6A2617947064003FC088 /* Foundation.framework in Frameworks */ = {isa = PBXBuildFile; fileRef = A82F6A2517947064003FC088 /* Foundation.framework */; };
		A82F6A2817947064003FC088 /* CoreGraphics.framework in Frameworks */ = {isa = PBXBuildFile; fileRef = A82F6A2717947064003FC088 /* CoreGraphics.framework */; };
		A82F6A2A17947064003FC088 /* UIKit.framework in Frameworks */ = {isa = PBXBuildFile; fileRef = A82F6A2917947064003FC088 /* UIKit.framework */; };
		A82F6A3017947064003FC088 /* InfoPlist.strings in Resources */ = {isa = PBXBuildFile; fileRef = A82F6A2E17947064003FC088 /* InfoPlist.strings */; };
		A82F6A3217947064003FC088 /* main.m in Sources */ = {isa = PBXBuildFile; fileRef = A82F6A3117947064003FC088 /* main.m */; };
		A82F6A3617947064003FC088 /* TPAppDelegate.m in Sources */ = {isa = PBXBuildFile; fileRef = A82F6A3517947064003FC088 /* TPAppDelegate.m */; };
		A82F6A4117947064003FC088 /* Images.xcassets in Resources */ = {isa = PBXBuildFile; fileRef = A82F6A4017947064003FC088 /* Images.xcassets */; };
		A82F6A4817947064003FC088 /* XCTest.framework in Frameworks */ = {isa = PBXBuildFile; fileRef = A82F6A4717947064003FC088 /* XCTest.framework */; };
		A82F6A4917947064003FC088 /* Foundation.framework in Frameworks */ = {isa = PBXBuildFile; fileRef = A82F6A2517947064003FC088 /* Foundation.framework */; };
		A82F6A4A17947064003FC088 /* UIKit.framework in Frameworks */ = {isa = PBXBuildFile; fileRef = A82F6A2917947064003FC088 /* UIKit.framework */; };
		A82F6A5217947064003FC088 /* InfoPlist.strings in Resources */ = {isa = PBXBuildFile; fileRef = A82F6A5017947064003FC088 /* InfoPlist.strings */; };
		A82F6A5417947064003FC088 /* TidepoolOneTests.m in Sources */ = {isa = PBXBuildFile; fileRef = A82F6A5317947064003FC088 /* TidepoolOneTests.m */; };
		A837CD451794BE470082B5BE /* TPOAuthClient.m in Sources */ = {isa = PBXBuildFile; fileRef = A837CD441794BE470082B5BE /* TPOAuthClient.m */; };
		A837CD461794BE470082B5BE /* TPOAuthClient.m in Sources */ = {isa = PBXBuildFile; fileRef = A837CD441794BE470082B5BE /* TPOAuthClient.m */; };
		A89742681797088B000CFD4F /* TPReactionTimeGameViewController.m in Sources */ = {isa = PBXBuildFile; fileRef = A89742671797088B000CFD4F /* TPReactionTimeGameViewController.m */; };
		A897426B1797134A000CFD4F /* TPReactionTimeGameCircleView.m in Sources */ = {isa = PBXBuildFile; fileRef = A897426A1797134A000CFD4F /* TPReactionTimeGameCircleView.m */; };
		A897426E17971534000CFD4F /* CGHelper.m in Sources */ = {isa = PBXBuildFile; fileRef = A897426D17971534000CFD4F /* CGHelper.m */; };
		A897427017971BAE000CFD4F /* AVFoundation.framework in Frameworks */ = {isa = PBXBuildFile; fileRef = A897426F17971BAE000CFD4F /* AVFoundation.framework */; };
		A897427217971BB7000CFD4F /* QuartzCore.framework in Frameworks */ = {isa = PBXBuildFile; fileRef = A897427117971BB7000CFD4F /* QuartzCore.framework */; };
		A897427517974F70000CFD4F /* TPUploadQueue.m in Sources */ = {isa = PBXBuildFile; fileRef = A897427417974F70000CFD4F /* TPUploadQueue.m */; };
/* End PBXBuildFile section */

/* Begin PBXContainerItemProxy section */
		A82F6A4B17947064003FC088 /* PBXContainerItemProxy */ = {
			isa = PBXContainerItemProxy;
			containerPortal = A82F6A1A17947064003FC088 /* Project object */;
			proxyType = 1;
			remoteGlobalIDString = A82F6A2117947064003FC088;
			remoteInfo = TidepoolOne;
		};
/* End PBXContainerItemProxy section */

/* Begin PBXFileReference section */
		0B9F97BBD54343BAA819C3E6 /* Pods.xcconfig */ = {isa = PBXFileReference; includeInIndex = 1; lastKnownFileType = text.xcconfig; name = Pods.xcconfig; path = Pods/Pods.xcconfig; sourceTree = SOURCE_ROOT; };
		3BE9E0A1B4814CD7AD31BA9A /* libPods.a */ = {isa = PBXFileReference; explicitFileType = archive.ar; includeInIndex = 0; path = libPods.a; sourceTree = BUILT_PRODUCTS_DIR; };
		A80F7C361794E07500C08D9C /* Main_iPhone.storyboard */ = {isa = PBXFileReference; lastKnownFileType = file.storyboard; name = Main_iPhone.storyboard; path = ../Main_iPhone.storyboard; sourceTree = "<group>"; };
		A80F7C3B17961CA900C08D9C /* TPLoginViewController.h */ = {isa = PBXFileReference; fileEncoding = 4; lastKnownFileType = sourcecode.c.h; path = TPLoginViewController.h; sourceTree = "<group>"; };
		A80F7C3C17961CA900C08D9C /* TPLoginViewController.m */ = {isa = PBXFileReference; fileEncoding = 4; lastKnownFileType = sourcecode.c.objc; path = TPLoginViewController.m; sourceTree = "<group>"; };
		A82F6A2217947064003FC088 /* TidepoolOne.app */ = {isa = PBXFileReference; explicitFileType = wrapper.application; includeInIndex = 0; path = TidepoolOne.app; sourceTree = BUILT_PRODUCTS_DIR; };
		A82F6A2517947064003FC088 /* Foundation.framework */ = {isa = PBXFileReference; lastKnownFileType = wrapper.framework; name = Foundation.framework; path = System/Library/Frameworks/Foundation.framework; sourceTree = SDKROOT; };
		A82F6A2717947064003FC088 /* CoreGraphics.framework */ = {isa = PBXFileReference; lastKnownFileType = wrapper.framework; name = CoreGraphics.framework; path = System/Library/Frameworks/CoreGraphics.framework; sourceTree = SDKROOT; };
		A82F6A2917947064003FC088 /* UIKit.framework */ = {isa = PBXFileReference; lastKnownFileType = wrapper.framework; name = UIKit.framework; path = System/Library/Frameworks/UIKit.framework; sourceTree = SDKROOT; };
		A82F6A2D17947064003FC088 /* TidepoolOne-Info.plist */ = {isa = PBXFileReference; lastKnownFileType = text.plist.xml; path = "TidepoolOne-Info.plist"; sourceTree = "<group>"; };
		A82F6A2F17947064003FC088 /* en */ = {isa = PBXFileReference; lastKnownFileType = text.plist.strings; name = en; path = en.lproj/InfoPlist.strings; sourceTree = "<group>"; };
		A82F6A3117947064003FC088 /* main.m */ = {isa = PBXFileReference; lastKnownFileType = sourcecode.c.objc; path = main.m; sourceTree = "<group>"; };
		A82F6A3317947064003FC088 /* TidepoolOne-Prefix.pch */ = {isa = PBXFileReference; lastKnownFileType = sourcecode.c.h; path = "TidepoolOne-Prefix.pch"; sourceTree = "<group>"; };
		A82F6A3417947064003FC088 /* TPAppDelegate.h */ = {isa = PBXFileReference; lastKnownFileType = sourcecode.c.h; path = TPAppDelegate.h; sourceTree = "<group>"; };
		A82F6A3517947064003FC088 /* TPAppDelegate.m */ = {isa = PBXFileReference; lastKnownFileType = sourcecode.c.objc; path = TPAppDelegate.m; sourceTree = "<group>"; };
		A82F6A4017947064003FC088 /* Images.xcassets */ = {isa = PBXFileReference; lastKnownFileType = folder.assetcatalog; path = Images.xcassets; sourceTree = "<group>"; };
		A82F6A4617947064003FC088 /* TidepoolOneTests.xctest */ = {isa = PBXFileReference; explicitFileType = wrapper.cfbundle; includeInIndex = 0; path = TidepoolOneTests.xctest; sourceTree = BUILT_PRODUCTS_DIR; };
		A82F6A4717947064003FC088 /* XCTest.framework */ = {isa = PBXFileReference; lastKnownFileType = wrapper.framework; name = XCTest.framework; path = Library/Frameworks/XCTest.framework; sourceTree = DEVELOPER_DIR; };
		A82F6A4F17947064003FC088 /* TidepoolOneTests-Info.plist */ = {isa = PBXFileReference; lastKnownFileType = text.plist.xml; path = "TidepoolOneTests-Info.plist"; sourceTree = "<group>"; };
		A82F6A5117947064003FC088 /* en */ = {isa = PBXFileReference; lastKnownFileType = text.plist.strings; name = en; path = en.lproj/InfoPlist.strings; sourceTree = "<group>"; };
		A82F6A5317947064003FC088 /* TidepoolOneTests.m */ = {isa = PBXFileReference; lastKnownFileType = sourcecode.c.objc; path = TidepoolOneTests.m; sourceTree = "<group>"; };
		A837CD431794BE470082B5BE /* TPOAuthClient.h */ = {isa = PBXFileReference; fileEncoding = 4; lastKnownFileType = sourcecode.c.h; path = TPOAuthClient.h; sourceTree = "<group>"; };
		A837CD441794BE470082B5BE /* TPOAuthClient.m */ = {isa = PBXFileReference; fileEncoding = 4; lastKnownFileType = sourcecode.c.objc; path = TPOAuthClient.m; sourceTree = "<group>"; };
		A89742661797088B000CFD4F /* TPReactionTimeGameViewController.h */ = {isa = PBXFileReference; fileEncoding = 4; lastKnownFileType = sourcecode.c.h; path = TPReactionTimeGameViewController.h; sourceTree = "<group>"; };
		A89742671797088B000CFD4F /* TPReactionTimeGameViewController.m */ = {isa = PBXFileReference; fileEncoding = 4; lastKnownFileType = sourcecode.c.objc; path = TPReactionTimeGameViewController.m; sourceTree = "<group>"; };
		A89742691797134A000CFD4F /* TPReactionTimeGameCircleView.h */ = {isa = PBXFileReference; fileEncoding = 4; lastKnownFileType = sourcecode.c.h; path = TPReactionTimeGameCircleView.h; sourceTree = "<group>"; };
		A897426A1797134A000CFD4F /* TPReactionTimeGameCircleView.m */ = {isa = PBXFileReference; fileEncoding = 4; lastKnownFileType = sourcecode.c.objc; path = TPReactionTimeGameCircleView.m; sourceTree = "<group>"; };
		A897426C17971534000CFD4F /* CGHelper.h */ = {isa = PBXFileReference; fileEncoding = 4; lastKnownFileType = sourcecode.c.h; path = CGHelper.h; sourceTree = "<group>"; };
		A897426D17971534000CFD4F /* CGHelper.m */ = {isa = PBXFileReference; fileEncoding = 4; lastKnownFileType = sourcecode.c.objc; path = CGHelper.m; sourceTree = "<group>"; };
		A897426F17971BAE000CFD4F /* AVFoundation.framework */ = {isa = PBXFileReference; lastKnownFileType = wrapper.framework; name = AVFoundation.framework; path = System/Library/Frameworks/AVFoundation.framework; sourceTree = SDKROOT; };
		A897427117971BB7000CFD4F /* QuartzCore.framework */ = {isa = PBXFileReference; lastKnownFileType = wrapper.framework; name = QuartzCore.framework; path = System/Library/Frameworks/QuartzCore.framework; sourceTree = SDKROOT; };
		A897427317974F70000CFD4F /* TPUploadQueue.h */ = {isa = PBXFileReference; fileEncoding = 4; lastKnownFileType = sourcecode.c.h; path = TPUploadQueue.h; sourceTree = "<group>"; };
		A897427417974F70000CFD4F /* TPUploadQueue.m */ = {isa = PBXFileReference; fileEncoding = 4; lastKnownFileType = sourcecode.c.objc; path = TPUploadQueue.m; sourceTree = "<group>"; };
/* End PBXFileReference section */

/* Begin PBXFrameworksBuildPhase section */
		A82F6A1F17947064003FC088 /* Frameworks */ = {
			isa = PBXFrameworksBuildPhase;
			buildActionMask = 2147483647;
			files = (
				A897427217971BB7000CFD4F /* QuartzCore.framework in Frameworks */,
				A897427017971BAE000CFD4F /* AVFoundation.framework in Frameworks */,
				A82F6A2817947064003FC088 /* CoreGraphics.framework in Frameworks */,
				A82F6A2A17947064003FC088 /* UIKit.framework in Frameworks */,
				A82F6A2617947064003FC088 /* Foundation.framework in Frameworks */,
				40FE9C691B2B410E9541EC21 /* libPods.a in Frameworks */,
			);
			runOnlyForDeploymentPostprocessing = 0;
		};
		A82F6A4317947064003FC088 /* Frameworks */ = {
			isa = PBXFrameworksBuildPhase;
			buildActionMask = 2147483647;
			files = (
				A82F6A4817947064003FC088 /* XCTest.framework in Frameworks */,
				A82F6A4A17947064003FC088 /* UIKit.framework in Frameworks */,
				A82F6A4917947064003FC088 /* Foundation.framework in Frameworks */,
			);
			runOnlyForDeploymentPostprocessing = 0;
		};
/* End PBXFrameworksBuildPhase section */

/* Begin PBXGroup section */
		A82F6A1917947064003FC088 = {
			isa = PBXGroup;
			children = (
				A897427117971BB7000CFD4F /* QuartzCore.framework */,
				A897426F17971BAE000CFD4F /* AVFoundation.framework */,
				A82F6A2B17947064003FC088 /* TidepoolOne */,
				A82F6A4D17947064003FC088 /* TidepoolOneTests */,
				A82F6A2417947064003FC088 /* Frameworks */,
				A82F6A2317947064003FC088 /* Products */,
				0B9F97BBD54343BAA819C3E6 /* Pods.xcconfig */,
			);
			sourceTree = "<group>";
		};
		A82F6A2317947064003FC088 /* Products */ = {
			isa = PBXGroup;
			children = (
				A82F6A2217947064003FC088 /* TidepoolOne.app */,
				A82F6A4617947064003FC088 /* TidepoolOneTests.xctest */,
			);
			name = Products;
			sourceTree = "<group>";
		};
		A82F6A2417947064003FC088 /* Frameworks */ = {
			isa = PBXGroup;
			children = (
				A82F6A2517947064003FC088 /* Foundation.framework */,
				A82F6A2717947064003FC088 /* CoreGraphics.framework */,
				A82F6A2917947064003FC088 /* UIKit.framework */,
				A82F6A4717947064003FC088 /* XCTest.framework */,
				3BE9E0A1B4814CD7AD31BA9A /* libPods.a */,
			);
			name = Frameworks;
			sourceTree = "<group>";
		};
		A82F6A2B17947064003FC088 /* TidepoolOne */ = {
			isa = PBXGroup;
			children = (
				A837CD431794BE470082B5BE /* TPOAuthClient.h */,
				A837CD441794BE470082B5BE /* TPOAuthClient.m */,
				A80F7C361794E07500C08D9C /* Main_iPhone.storyboard */,
				A89742691797134A000CFD4F /* TPReactionTimeGameCircleView.h */,
				A897426A1797134A000CFD4F /* TPReactionTimeGameCircleView.m */,
				A89742661797088B000CFD4F /* TPReactionTimeGameViewController.h */,
				A89742671797088B000CFD4F /* TPReactionTimeGameViewController.m */,
				A897427317974F70000CFD4F /* TPUploadQueue.h */,
				A897427417974F70000CFD4F /* TPUploadQueue.m */,
				A897426C17971534000CFD4F /* CGHelper.h */,
				A897426D17971534000CFD4F /* CGHelper.m */,
				A80F7C3B17961CA900C08D9C /* TPLoginViewController.h */,
				A80F7C3C17961CA900C08D9C /* TPLoginViewController.m */,
				A82F6A3417947064003FC088 /* TPAppDelegate.h */,
				A82F6A3517947064003FC088 /* TPAppDelegate.m */,
				A82F6A4017947064003FC088 /* Images.xcassets */,
				A82F6A2C17947064003FC088 /* Supporting Files */,
			);
			path = TidepoolOne;
			sourceTree = "<group>";
		};
		A82F6A2C17947064003FC088 /* Supporting Files */ = {
			isa = PBXGroup;
			children = (
				A82F6A2D17947064003FC088 /* TidepoolOne-Info.plist */,
				A82F6A2E17947064003FC088 /* InfoPlist.strings */,
				A82F6A3117947064003FC088 /* main.m */,
				A82F6A3317947064003FC088 /* TidepoolOne-Prefix.pch */,
			);
			name = "Supporting Files";
			sourceTree = "<group>";
		};
		A82F6A4D17947064003FC088 /* TidepoolOneTests */ = {
			isa = PBXGroup;
			children = (
				A82F6A5317947064003FC088 /* TidepoolOneTests.m */,
				A82F6A4E17947064003FC088 /* Supporting Files */,
			);
			path = TidepoolOneTests;
			sourceTree = "<group>";
		};
		A82F6A4E17947064003FC088 /* Supporting Files */ = {
			isa = PBXGroup;
			children = (
				A82F6A4F17947064003FC088 /* TidepoolOneTests-Info.plist */,
				A82F6A5017947064003FC088 /* InfoPlist.strings */,
			);
			name = "Supporting Files";
			sourceTree = "<group>";
		};
/* End PBXGroup section */

/* Begin PBXNativeTarget section */
		A82F6A2117947064003FC088 /* TidepoolOne */ = {
			isa = PBXNativeTarget;
			buildConfigurationList = A82F6A5717947064003FC088 /* Build configuration list for PBXNativeTarget "TidepoolOne" */;
			buildPhases = (
				2A451622821940EAB7444D12 /* Check Pods Manifest.lock */,
				A82F6A1E17947064003FC088 /* Sources */,
				A82F6A1F17947064003FC088 /* Frameworks */,
				A82F6A2017947064003FC088 /* Resources */,
				B5B2ED9206A24E47A923BF65 /* Copy Pods Resources */,
			);
			buildRules = (
			);
			dependencies = (
			);
			name = TidepoolOne;
			productName = TidepoolOne;
			productReference = A82F6A2217947064003FC088 /* TidepoolOne.app */;
			productType = "com.apple.product-type.application";
		};
		A82F6A4517947064003FC088 /* TidepoolOneTests */ = {
			isa = PBXNativeTarget;
			buildConfigurationList = A82F6A5A17947064003FC088 /* Build configuration list for PBXNativeTarget "TidepoolOneTests" */;
			buildPhases = (
				A82F6A4217947064003FC088 /* Sources */,
				A82F6A4317947064003FC088 /* Frameworks */,
				A82F6A4417947064003FC088 /* Resources */,
			);
			buildRules = (
			);
			dependencies = (
				A82F6A4C17947064003FC088 /* PBXTargetDependency */,
			);
			name = TidepoolOneTests;
			productName = TidepoolOneTests;
			productReference = A82F6A4617947064003FC088 /* TidepoolOneTests.xctest */;
			productType = "com.apple.product-type.bundle.unit-test";
		};
/* End PBXNativeTarget section */

/* Begin PBXProject section */
		A82F6A1A17947064003FC088 /* Project object */ = {
			isa = PBXProject;
			attributes = {
				CLASSPREFIX = TP;
				LastUpgradeCheck = 0500;
				ORGANIZATIONNAME = "Mayank Sanganeria";
				TargetAttributes = {
					A82F6A2117947064003FC088 = {
						DevelopmentTeam = 232HCB982K;
					};
					A82F6A4517947064003FC088 = {
						TestTargetID = A82F6A2117947064003FC088;
					};
				};
			};
			buildConfigurationList = A82F6A1D17947064003FC088 /* Build configuration list for PBXProject "TidepoolOne" */;
			compatibilityVersion = "Xcode 3.2";
			developmentRegion = English;
			hasScannedForEncodings = 0;
			knownRegions = (
				en,
				Base,
			);
			mainGroup = A82F6A1917947064003FC088;
			productRefGroup = A82F6A2317947064003FC088 /* Products */;
			projectDirPath = "";
			projectRoot = "";
			targets = (
				A82F6A2117947064003FC088 /* TidepoolOne */,
				A82F6A4517947064003FC088 /* TidepoolOneTests */,
			);
		};
/* End PBXProject section */

/* Begin PBXResourcesBuildPhase section */
		A82F6A2017947064003FC088 /* Resources */ = {
			isa = PBXResourcesBuildPhase;
			buildActionMask = 2147483647;
			files = (
				A82F6A4117947064003FC088 /* Images.xcassets in Resources */,
				A82F6A3017947064003FC088 /* InfoPlist.strings in Resources */,
				A80F7C371794E07500C08D9C /* Main_iPhone.storyboard in Resources */,
			);
			runOnlyForDeploymentPostprocessing = 0;
		};
		A82F6A4417947064003FC088 /* Resources */ = {
			isa = PBXResourcesBuildPhase;
			buildActionMask = 2147483647;
			files = (
				A82F6A5217947064003FC088 /* InfoPlist.strings in Resources */,
			);
			runOnlyForDeploymentPostprocessing = 0;
		};
/* End PBXResourcesBuildPhase section */

/* Begin PBXShellScriptBuildPhase section */
		2A451622821940EAB7444D12 /* Check Pods Manifest.lock */ = {
			isa = PBXShellScriptBuildPhase;
			buildActionMask = 2147483647;
			files = (
			);
			inputPaths = (
			);
			name = "Check Pods Manifest.lock";
			outputPaths = (
			);
			runOnlyForDeploymentPostprocessing = 0;
			shellPath = /bin/sh;
			shellScript = "diff \"${PODS_ROOT}/../Podfile.lock\" \"${PODS_ROOT}/Manifest.lock\" > /dev/null\nif [[ $? != 0 ]] ; then\n    cat << EOM\nerror: The sandbox is not in sync with the Podfile.lock. Run 'pod install' or update your CocoaPods installation.\nEOM\n    exit 1\nfi\n";
			showEnvVarsInLog = 0;
		};
		B5B2ED9206A24E47A923BF65 /* Copy Pods Resources */ = {
			isa = PBXShellScriptBuildPhase;
			buildActionMask = 2147483647;
			files = (
			);
			inputPaths = (
			);
			name = "Copy Pods Resources";
			outputPaths = (
			);
			runOnlyForDeploymentPostprocessing = 0;
			shellPath = /bin/sh;
			shellScript = "\"${SRCROOT}/Pods/Pods-resources.sh\"\n";
			showEnvVarsInLog = 0;
		};
/* End PBXShellScriptBuildPhase section */

/* Begin PBXSourcesBuildPhase section */
		A82F6A1E17947064003FC088 /* Sources */ = {
			isa = PBXSourcesBuildPhase;
			buildActionMask = 2147483647;
			files = (
				A82F6A3617947064003FC088 /* TPAppDelegate.m in Sources */,
				A837CD451794BE470082B5BE /* TPOAuthClient.m in Sources */,
				A82F6A3217947064003FC088 /* main.m in Sources */,
				A80F7C3D17961CA900C08D9C /* TPLoginViewController.m in Sources */,
				A89742681797088B000CFD4F /* TPReactionTimeGameViewController.m in Sources */,
				A897426B1797134A000CFD4F /* TPReactionTimeGameCircleView.m in Sources */,
				A897426E17971534000CFD4F /* CGHelper.m in Sources */,
				A897427517974F70000CFD4F /* TPUploadQueue.m in Sources */,
			);
			runOnlyForDeploymentPostprocessing = 0;
		};
		A82F6A4217947064003FC088 /* Sources */ = {
			isa = PBXSourcesBuildPhase;
			buildActionMask = 2147483647;
			files = (
				A837CD461794BE470082B5BE /* TPOAuthClient.m in Sources */,
				A82F6A5417947064003FC088 /* TidepoolOneTests.m in Sources */,
			);
			runOnlyForDeploymentPostprocessing = 0;
		};
/* End PBXSourcesBuildPhase section */

/* Begin PBXTargetDependency section */
		A82F6A4C17947064003FC088 /* PBXTargetDependency */ = {
			isa = PBXTargetDependency;
			target = A82F6A2117947064003FC088 /* TidepoolOne */;
			targetProxy = A82F6A4B17947064003FC088 /* PBXContainerItemProxy */;
		};
/* End PBXTargetDependency section */

/* Begin PBXVariantGroup section */
		A82F6A2E17947064003FC088 /* InfoPlist.strings */ = {
			isa = PBXVariantGroup;
			children = (
				A82F6A2F17947064003FC088 /* en */,
			);
			name = InfoPlist.strings;
			sourceTree = "<group>";
		};
		A82F6A5017947064003FC088 /* InfoPlist.strings */ = {
			isa = PBXVariantGroup;
			children = (
				A82F6A5117947064003FC088 /* en */,
			);
			name = InfoPlist.strings;
			sourceTree = "<group>";
		};
/* End PBXVariantGroup section */

/* Begin XCBuildConfiguration section */
		A82F6A5517947064003FC088 /* Debug */ = {
			isa = XCBuildConfiguration;
			buildSettings = {
				ALWAYS_SEARCH_USER_PATHS = NO;
				CLANG_CXX_LANGUAGE_STANDARD = "gnu++0x";
				CLANG_CXX_LIBRARY = "libc++";
				CLANG_ENABLE_MODULES = YES;
				CLANG_ENABLE_OBJC_ARC = YES;
				CLANG_WARN_BOOL_CONVERSION = YES;
				CLANG_WARN_CONSTANT_CONVERSION = YES;
				CLANG_WARN_DIRECT_OBJC_ISA_USAGE = YES_ERROR;
				CLANG_WARN_EMPTY_BODY = YES;
				CLANG_WARN_ENUM_CONVERSION = YES;
				CLANG_WARN_INT_CONVERSION = YES;
				CLANG_WARN_OBJC_ROOT_CLASS = YES_ERROR;
				CLANG_WARN__DUPLICATE_METHOD_MATCH = YES;
				"CODE_SIGN_IDENTITY[sdk=iphoneos*]" = "iPhone Developer";
				COPY_PHASE_STRIP = NO;
				GCC_C_LANGUAGE_STANDARD = gnu99;
				GCC_DYNAMIC_NO_PIC = NO;
				GCC_OPTIMIZATION_LEVEL = 0;
				GCC_PREPROCESSOR_DEFINITIONS = (
					"DEBUG=1",
					"$(inherited)",
				);
				GCC_SYMBOLS_PRIVATE_EXTERN = NO;
				GCC_WARN_ABOUT_RETURN_TYPE = YES_ERROR;
				GCC_WARN_UNDECLARED_SELECTOR = YES;
				GCC_WARN_UNINITIALIZED_AUTOS = YES;
				GCC_WARN_UNUSED_FUNCTION = YES;
				GCC_WARN_UNUSED_VARIABLE = YES;
				IPHONEOS_DEPLOYMENT_TARGET = 7.0;
				ONLY_ACTIVE_ARCH = YES;
				SDKROOT = iphoneos;
				TARGETED_DEVICE_FAMILY = "1,2";
			};
			name = Debug;
		};
		A82F6A5617947064003FC088 /* Release */ = {
			isa = XCBuildConfiguration;
			buildSettings = {
				ALWAYS_SEARCH_USER_PATHS = NO;
				CLANG_CXX_LANGUAGE_STANDARD = "gnu++0x";
				CLANG_CXX_LIBRARY = "libc++";
				CLANG_ENABLE_MODULES = YES;
				CLANG_ENABLE_OBJC_ARC = YES;
				CLANG_WARN_BOOL_CONVERSION = YES;
				CLANG_WARN_CONSTANT_CONVERSION = YES;
				CLANG_WARN_DIRECT_OBJC_ISA_USAGE = YES_ERROR;
				CLANG_WARN_EMPTY_BODY = YES;
				CLANG_WARN_ENUM_CONVERSION = YES;
				CLANG_WARN_INT_CONVERSION = YES;
				CLANG_WARN_OBJC_ROOT_CLASS = YES_ERROR;
				CLANG_WARN__DUPLICATE_METHOD_MATCH = YES;
				"CODE_SIGN_IDENTITY[sdk=iphoneos*]" = "iPhone Developer";
				COPY_PHASE_STRIP = YES;
				ENABLE_NS_ASSERTIONS = NO;
				GCC_C_LANGUAGE_STANDARD = gnu99;
				GCC_WARN_ABOUT_RETURN_TYPE = YES_ERROR;
				GCC_WARN_UNDECLARED_SELECTOR = YES;
				GCC_WARN_UNINITIALIZED_AUTOS = YES;
				GCC_WARN_UNUSED_FUNCTION = YES;
				GCC_WARN_UNUSED_VARIABLE = YES;
				IPHONEOS_DEPLOYMENT_TARGET = 7.0;
				SDKROOT = iphoneos;
				TARGETED_DEVICE_FAMILY = "1,2";
				VALIDATE_PRODUCT = YES;
			};
			name = Release;
		};
		A82F6A5817947064003FC088 /* Debug */ = {
			isa = XCBuildConfiguration;
			baseConfigurationReference = 0B9F97BBD54343BAA819C3E6 /* Pods.xcconfig */;
			buildSettings = {
				ASSETCATALOG_COMPILER_APPICON_NAME = AppIcon;
				ASSETCATALOG_COMPILER_LAUNCHIMAGE_NAME = LaunchImage;
				CODE_SIGN_IDENTITY = "iPhone Developer";
				GCC_PRECOMPILE_PREFIX_HEADER = YES;
				GCC_PREFIX_HEADER = "TidepoolOne/TidepoolOne-Prefix.pch";
				INFOPLIST_FILE = "TidepoolOne/TidepoolOne-Info.plist";
				IPHONEOS_DEPLOYMENT_TARGET = 6.0;
				PRODUCT_NAME = "$(TARGET_NAME)";
				WRAPPER_EXTENSION = app;
			};
			name = Debug;
		};
		A82F6A5917947064003FC088 /* Release */ = {
			isa = XCBuildConfiguration;
			baseConfigurationReference = 0B9F97BBD54343BAA819C3E6 /* Pods.xcconfig */;
			buildSettings = {
				ASSETCATALOG_COMPILER_APPICON_NAME = AppIcon;
				ASSETCATALOG_COMPILER_LAUNCHIMAGE_NAME = LaunchImage;
				CODE_SIGN_IDENTITY = "iPhone Developer";
				GCC_PRECOMPILE_PREFIX_HEADER = YES;
				GCC_PREFIX_HEADER = "TidepoolOne/TidepoolOne-Prefix.pch";
				INFOPLIST_FILE = "TidepoolOne/TidepoolOne-Info.plist";
				IPHONEOS_DEPLOYMENT_TARGET = 6.0;
				PRODUCT_NAME = "$(TARGET_NAME)";
				WRAPPER_EXTENSION = app;
			};
			name = Release;
		};
		A82F6A5B17947064003FC088 /* Debug */ = {
			isa = XCBuildConfiguration;
			buildSettings = {
				BUNDLE_LOADER = "$(BUILT_PRODUCTS_DIR)/TidepoolOne.app/TidepoolOne";
				FRAMEWORK_SEARCH_PATHS = (
					"$(SDKROOT)/Developer/Library/Frameworks",
					"$(inherited)",
					"$(SYSTEM_APPS_DIR)/Xcode5-DP3.app/Contents/Developer/Library/Frameworks",
				);
				GCC_PRECOMPILE_PREFIX_HEADER = YES;
				GCC_PREFIX_HEADER = "TidepoolOne/TidepoolOne-Prefix.pch";
				GCC_PREPROCESSOR_DEFINITIONS = (
					"DEBUG=1",
					"$(inherited)",
				);
				INFOPLIST_FILE = "TidepoolOneTests/TidepoolOneTests-Info.plist";
				PRODUCT_NAME = "$(TARGET_NAME)";
				TEST_HOST = "$(BUNDLE_LOADER)";
				WRAPPER_EXTENSION = xctest;
			};
			name = Debug;
		};
		A82F6A5C17947064003FC088 /* Release */ = {
			isa = XCBuildConfiguration;
			buildSettings = {
				BUNDLE_LOADER = "$(BUILT_PRODUCTS_DIR)/TidepoolOne.app/TidepoolOne";
				FRAMEWORK_SEARCH_PATHS = (
					"$(SDKROOT)/Developer/Library/Frameworks",
					"$(inherited)",
					"$(SYSTEM_APPS_DIR)/Xcode5-DP3.app/Contents/Developer/Library/Frameworks",
				);
				GCC_PRECOMPILE_PREFIX_HEADER = YES;
				GCC_PREFIX_HEADER = "TidepoolOne/TidepoolOne-Prefix.pch";
				INFOPLIST_FILE = "TidepoolOneTests/TidepoolOneTests-Info.plist";
				PRODUCT_NAME = "$(TARGET_NAME)";
				TEST_HOST = "$(BUNDLE_LOADER)";
				WRAPPER_EXTENSION = xctest;
			};
			name = Release;
		};
/* End XCBuildConfiguration section */

/* Begin XCConfigurationList section */
		A82F6A1D17947064003FC088 /* Build configuration list for PBXProject "TidepoolOne" */ = {
			isa = XCConfigurationList;
			buildConfigurations = (
				A82F6A5517947064003FC088 /* Debug */,
				A82F6A5617947064003FC088 /* Release */,
			);
			defaultConfigurationIsVisible = 0;
			defaultConfigurationName = Release;
		};
		A82F6A5717947064003FC088 /* Build configuration list for PBXNativeTarget "TidepoolOne" */ = {
			isa = XCConfigurationList;
			buildConfigurations = (
				A82F6A5817947064003FC088 /* Debug */,
				A82F6A5917947064003FC088 /* Release */,
			);
			defaultConfigurationIsVisible = 0;
			defaultConfigurationName = Release;
		};
		A82F6A5A17947064003FC088 /* Build configuration list for PBXNativeTarget "TidepoolOneTests" */ = {
			isa = XCConfigurationList;
			buildConfigurations = (
				A82F6A5B17947064003FC088 /* Debug */,
				A82F6A5C17947064003FC088 /* Release */,
			);
			defaultConfigurationIsVisible = 0;
			defaultConfigurationName = Release;
		};
/* End XCConfigurationList section */
	};
	rootObject = A82F6A1A17947064003FC088 /* Project object */;
}
